lockfileVersion: '6.0'

settings:
  autoInstallPeers: true
  excludeLinksFromLockfile: false

devDependencies:
  '@types/mocha':
    specifier: ^10.0.1
    version: 10.0.1

packages:

  /@types/mocha@10.0.1:
    resolution: {integrity: sha512-/fvYntiO1GeICvqbQ3doGDIP97vWmvFt83GKguJ6prmQM2iXZfFcq6YE8KteFyRtX2/h5Hf91BYvPodJKFYv5Q==}
    dev: true
